// !$*UTF8*$!
{
	archiveVersion = 1;
	classes = {
	};
	objectVersion = 48;
	objects = {

/* Begin PBXBuildFile section */
		9B800D4A1F1476A90002E65E /* AppDelegate.swift in Sources */ = {isa = PBXBuildFile; fileRef = 9B800D491F1476A90002E65E /* AppDelegate.swift */; };
		9B800D4F1F1476A90002E65E /* Main.storyboard in Resources */ = {isa = PBXBuildFile; fileRef = 9B800D4D1F1476A90002E65E /* Main.storyboard */; };
		9B800D521F1476A90002E65E /* Stickies.xcdatamodeld in Sources */ = {isa = PBXBuildFile; fileRef = 9B800D501F1476A90002E65E /* Stickies.xcdatamodeld */; };
		9B800D541F1476A90002E65E /* Assets.xcassets in Resources */ = {isa = PBXBuildFile; fileRef = 9B800D531F1476A90002E65E /* Assets.xcassets */; };
		9B800D571F1476A90002E65E /* LaunchScreen.storyboard in Resources */ = {isa = PBXBuildFile; fileRef = 9B800D551F1476A90002E65E /* LaunchScreen.storyboard */; };
		9B800D621F1477F10002E65E /* StickyWallViewController.swift in Sources */ = {isa = PBXBuildFile; fileRef = 9B800D611F1477F10002E65E /* StickyWallViewController.swift */; };
		9B800D651F14782C0002E65E /* StickyCell.swift in Sources */ = {isa = PBXBuildFile; fileRef = 9B800D631F14782C0002E65E /* StickyCell.swift */; };
		9B800D661F14782C0002E65E /* StickyCell.xib in Resources */ = {isa = PBXBuildFile; fileRef = 9B800D641F14782C0002E65E /* StickyCell.xib */; };
		9BAEB93D1F147E0B00FBE89A /* StickyWallLayout.swift in Sources */ = {isa = PBXBuildFile; fileRef = 9BAEB93C1F147E0B00FBE89A /* StickyWallLayout.swift */; };
/* End PBXBuildFile section */

/* Begin PBXFileReference section */
		9B800D461F1476A90002E65E /* Stickies.app */ = {isa = PBXFileReference; explicitFileType = wrapper.application; includeInIndex = 0; path = Stickies.app; sourceTree = BUILT_PRODUCTS_DIR; };
		9B800D491F1476A90002E65E /* AppDelegate.swift */ = {isa = PBXFileReference; lastKnownFileType = sourcecode.swift; path = AppDelegate.swift; sourceTree = "<group>"; };
		9B800D4E1F1476A90002E65E /* Base */ = {isa = PBXFileReference; lastKnownFileType = file.storyboard; name = Base; path = Base.lproj/Main.storyboard; sourceTree = "<group>"; };
		9B800D511F1476A90002E65E /* Stickies.xcdatamodel */ = {isa = PBXFileReference; lastKnownFileType = wrapper.xcdatamodel; path = Stickies.xcdatamodel; sourceTree = "<group>"; };
		9B800D531F1476A90002E65E /* Assets.xcassets */ = {isa = PBXFileReference; lastKnownFileType = folder.assetcatalog; path = Assets.xcassets; sourceTree = "<group>"; };
		9B800D561F1476A90002E65E /* Base */ = {isa = PBXFileReference; lastKnownFileType = file.storyboard; name = Base; path = Base.lproj/LaunchScreen.storyboard; sourceTree = "<group>"; };
		9B800D581F1476A90002E65E /* Info.plist */ = {isa = PBXFileReference; lastKnownFileType = text.plist.xml; path = Info.plist; sourceTree = "<group>"; };
		9B800D611F1477F10002E65E /* StickyWallViewController.swift */ = {isa = PBXFileReference; lastKnownFileType = sourcecode.swift; path = StickyWallViewController.swift; sourceTree = "<group>"; };
		9B800D631F14782C0002E65E /* StickyCell.swift */ = {isa = PBXFileReference; lastKnownFileType = sourcecode.swift; path = StickyCell.swift; sourceTree = "<group>"; };
		9B800D641F14782C0002E65E /* StickyCell.xib */ = {isa = PBXFileReference; lastKnownFileType = file.xib; path = StickyCell.xib; sourceTree = "<group>"; };
		9BAEB93C1F147E0B00FBE89A /* StickyWallLayout.swift */ = {isa = PBXFileReference; lastKnownFileType = sourcecode.swift; path = StickyWallLayout.swift; sourceTree = "<group>"; };
/* End PBXFileReference section */

/* Begin PBXFrameworksBuildPhase section */
		9B800D431F1476A90002E65E /* Frameworks */ = {
			isa = PBXFrameworksBuildPhase;
			buildActionMask = 2147483647;
			files = (
			);
			runOnlyForDeploymentPostprocessing = 0;
		};
/* End PBXFrameworksBuildPhase section */

/* Begin PBXGroup section */
		9B800D3D1F1476A90002E65E = {
			isa = PBXGroup;
			children = (
				9B800D481F1476A90002E65E /* Stickies */,
				9B800D471F1476A90002E65E /* Products */,
			);
			sourceTree = "<group>";
		};
		9B800D471F1476A90002E65E /* Products */ = {
			isa = PBXGroup;
			children = (
				9B800D461F1476A90002E65E /* Stickies.app */,
			);
			name = Products;
			sourceTree = "<group>";
		};
		9B800D481F1476A90002E65E /* Stickies */ = {
			isa = PBXGroup;
			children = (
				9BAEB93C1F147E0B00FBE89A /* StickyWallLayout.swift */,
				9B800D601F1477530002E65E /* Supporting Files */,
				9B800D611F1477F10002E65E /* StickyWallViewController.swift */,
				9B800D631F14782C0002E65E /* StickyCell.swift */,
				9B800D641F14782C0002E65E /* StickyCell.xib */,
				9B800D491F1476A90002E65E /* AppDelegate.swift */,
				9B800D4D1F1476A90002E65E /* Main.storyboard */,
			);
			path = Stickies;
			sourceTree = "<group>";
		};
		9B800D601F1477530002E65E /* Supporting Files */ = {
			isa = PBXGroup;
			children = (
				9B800D551F1476A90002E65E /* LaunchScreen.storyboard */,
				9B800D501F1476A90002E65E /* Stickies.xcdatamodeld */,
				9B800D581F1476A90002E65E /* Info.plist */,
				9B800D531F1476A90002E65E /* Assets.xcassets */,
			);
			path = "Supporting Files";
			sourceTree = "<group>";
		};
/* End PBXGroup section */

/* Begin PBXNativeTarget section */
		9B800D451F1476A90002E65E /* Stickies */ = {
			isa = PBXNativeTarget;
			buildConfigurationList = 9B800D5B1F1476A90002E65E /* Build configuration list for PBXNativeTarget "Stickies" */;
			buildPhases = (
				9B800D421F1476A90002E65E /* Sources */,
				9B800D431F1476A90002E65E /* Frameworks */,
				9B800D441F1476A90002E65E /* Resources */,
			);
			buildRules = (
			);
			dependencies = (
			);
			name = Stickies;
			productName = Stickies;
			productReference = 9B800D461F1476A90002E65E /* Stickies.app */;
			productType = "com.apple.product-type.application";
		};
/* End PBXNativeTarget section */

/* Begin PBXProject section */
		9B800D3E1F1476A90002E65E /* Project object */ = {
			isa = PBXProject;
			attributes = {
				LastSwiftUpdateCheck = 0900;
				LastUpgradeCheck = 0900;
				ORGANIZATIONNAME = "Jake Sawyer";
				TargetAttributes = {
					9B800D451F1476A90002E65E = {
						CreatedOnToolsVersion = 9.0;
					};
				};
			};
			buildConfigurationList = 9B800D411F1476A90002E65E /* Build configuration list for PBXProject "Stickies" */;
			compatibilityVersion = "Xcode 8.0";
			developmentRegion = en;
			hasScannedForEncodings = 0;
			knownRegions = (
				en,
				Base,
			);
			mainGroup = 9B800D3D1F1476A90002E65E;
			productRefGroup = 9B800D471F1476A90002E65E /* Products */;
			projectDirPath = "";
			projectRoot = "";
			targets = (
				9B800D451F1476A90002E65E /* Stickies */,
			);
		};
/* End PBXProject section */

/* Begin PBXResourcesBuildPhase section */
		9B800D441F1476A90002E65E /* Resources */ = {
			isa = PBXResourcesBuildPhase;
			buildActionMask = 2147483647;
			files = (
				9B800D571F1476A90002E65E /* LaunchScreen.storyboard in Resources */,
				9B800D541F1476A90002E65E /* Assets.xcassets in Resources */,
				9B800D661F14782C0002E65E /* StickyCell.xib in Resources */,
				9B800D4F1F1476A90002E65E /* Main.storyboard in Resources */,
			);
			runOnlyForDeploymentPostprocessing = 0;
		};
/* End PBXResourcesBuildPhase section */

/* Begin PBXSourcesBuildPhase section */
		9B800D421F1476A90002E65E /* Sources */ = {
			isa = PBXSourcesBuildPhase;
			buildActionMask = 2147483647;
			files = (
				9BAEB93D1F147E0B00FBE89A /* StickyWallLayout.swift in Sources */,
				9B800D521F1476A90002E65E /* Stickies.xcdatamodeld in Sources */,
				9B800D4A1F1476A90002E65E /* AppDelegate.swift in Sources */,
				9B800D651F14782C0002E65E /* StickyCell.swift in Sources */,
				9B800D621F1477F10002E65E /* StickyWallViewController.swift in Sources */,
			);
			runOnlyForDeploymentPostprocessing = 0;
		};
/* End PBXSourcesBuildPhase section */

/* Begin PBXVariantGroup section */
		9B800D4D1F1476A90002E65E /* Main.storyboard */ = {
			isa = PBXVariantGroup;
			children = (
				9B800D4E1F1476A90002E65E /* Base */,
			);
			name = Main.storyboard;
			sourceTree = "<group>";
		};
		9B800D551F1476A90002E65E /* LaunchScreen.storyboard */ = {
			isa = PBXVariantGroup;
			children = (
				9B800D561F1476A90002E65E /* Base */,
			);
			name = LaunchScreen.storyboard;
			sourceTree = "<group>";
		};
/* End PBXVariantGroup section */

/* Begin XCBuildConfiguration section */
		9B800D591F1476A90002E65E /* Debug */ = {
			isa = XCBuildConfiguration;
			buildSettings = {
				ALWAYS_SEARCH_USER_PATHS = NO;
				CLANG_ANALYZER_NONNULL = YES;
				CLANG_ANALYZER_NUMBER_OBJECT_CONVERSION = YES_AGGRESSIVE;
				CLANG_CXX_LANGUAGE_STANDARD = "gnu++14";
				CLANG_CXX_LIBRARY = "libc++";
				CLANG_ENABLE_MODULES = YES;
				CLANG_ENABLE_OBJC_ARC = YES;
				CLANG_WARN_BLOCK_CAPTURE_AUTORELEASING = YES;
				CLANG_WARN_BOOL_CONVERSION = YES;
				CLANG_WARN_COMMA = YES;
				CLANG_WARN_CONSTANT_CONVERSION = YES;
				CLANG_WARN_DIRECT_OBJC_ISA_USAGE = YES_ERROR;
				CLANG_WARN_DOCUMENTATION_COMMENTS = YES;
				CLANG_WARN_EMPTY_BODY = YES;
				CLANG_WARN_ENUM_CONVERSION = YES;
				CLANG_WARN_INFINITE_RECURSION = YES;
				CLANG_WARN_INT_CONVERSION = YES;
				CLANG_WARN_NON_LITERAL_NULL_CONVERSION = YES;
				CLANG_WARN_OBJC_LITERAL_CONVERSION = YES;
				CLANG_WARN_OBJC_ROOT_CLASS = YES_ERROR;
				CLANG_WARN_RANGE_LOOP_ANALYSIS = YES;
				CLANG_WARN_STRICT_PROTOTYPES = YES;
				CLANG_WARN_SUSPICIOUS_MOVE = YES;
				CLANG_WARN_UNGUARDED_AVAILABILITY = YES_AGGRESSIVE;
				CLANG_WARN_UNREACHABLE_CODE = YES;
				CLANG_WARN__DUPLICATE_METHOD_MATCH = YES;
				CODE_SIGN_IDENTITY = "iPhone Developer";
				COPY_PHASE_STRIP = NO;
				DEBUG_INFORMATION_FORMAT = dwarf;
				ENABLE_STRICT_OBJC_MSGSEND = YES;
				ENABLE_TESTABILITY = YES;
				GCC_C_LANGUAGE_STANDARD = gnu11;
				GCC_DYNAMIC_NO_PIC = NO;
				GCC_NO_COMMON_BLOCKS = YES;
				GCC_OPTIMIZATION_LEVEL = 0;
				GCC_PREPROCESSOR_DEFINITIONS = (
					"DEBUG=1",
					"$(inherited)",
				);
				GCC_WARN_64_TO_32_BIT_CONVERSION = YES;
				GCC_WARN_ABOUT_RETURN_TYPE = YES_ERROR;
				GCC_WARN_UNDECLARED_SELECTOR = YES;
				GCC_WARN_UNINITIALIZED_AUTOS = YES_AGGRESSIVE;
				GCC_WARN_UNUSED_FUNCTION = YES;
				GCC_WARN_UNUSED_VARIABLE = YES;
				IPHONEOS_DEPLOYMENT_TARGET = 11.0;
				MTL_ENABLE_DEBUG_INFO = YES;
				ONLY_ACTIVE_ARCH = YES;
				SDKROOT = iphoneos;
				SWIFT_ACTIVE_COMPILATION_CONDITIONS = DEBUG;
				SWIFT_OPTIMIZATION_LEVEL = "-Onone";
			};
			name = Debug;
		};
		9B800D5A1F1476A90002E65E /* Release */ = {
			isa = XCBuildConfiguration;
			buildSettings = {
				ALWAYS_SEARCH_USER_PATHS = NO;
				CLANG_ANALYZER_NONNULL = YES;
				CLANG_ANALYZER_NUMBER_OBJECT_CONVERSION = YES_AGGRESSIVE;
				CLANG_CXX_LANGUAGE_STANDARD = "gnu++14";
				CLANG_CXX_LIBRARY = "libc++";
				CLANG_ENABLE_MODULES = YES;
				CLANG_ENABLE_OBJC_ARC = YES;
				CLANG_WARN_BLOCK_CAPTURE_AUTORELEASING = YES;
				CLANG_WARN_BOOL_CONVERSION = YES;
				CLANG_WARN_COMMA = YES;
				CLANG_WARN_CONSTANT_CONVERSION = YES;
				CLANG_WARN_DIRECT_OBJC_ISA_USAGE = YES_ERROR;
				CLANG_WARN_DOCUMENTATION_COMMENTS = YES;
				CLANG_WARN_EMPTY_BODY = YES;
				CLANG_WARN_ENUM_CONVERSION = YES;
				CLANG_WARN_INFINITE_RECURSION = YES;
				CLANG_WARN_INT_CONVERSION = YES;
				CLANG_WARN_NON_LITERAL_NULL_CONVERSION = YES;
				CLANG_WARN_OBJC_LITERAL_CONVERSION = YES;
				CLANG_WARN_OBJC_ROOT_CLASS = YES_ERROR;
				CLANG_WARN_RANGE_LOOP_ANALYSIS = YES;
				CLANG_WARN_STRICT_PROTOTYPES = YES;
				CLANG_WARN_SUSPICIOUS_MOVE = YES;
				CLANG_WARN_UNGUARDED_AVAILABILITY = YES_AGGRESSIVE;
				CLANG_WARN_UNREACHABLE_CODE = YES;
				CLANG_WARN__DUPLICATE_METHOD_MATCH = YES;
				CODE_SIGN_IDENTITY = "iPhone Developer";
				COPY_PHASE_STRIP = NO;
				DEBUG_INFORMATION_FORMAT = "dwarf-with-dsym";
				ENABLE_NS_ASSERTIONS = NO;
				ENABLE_STRICT_OBJC_MSGSEND = YES;
				GCC_C_LANGUAGE_STANDARD = gnu11;
				GCC_NO_COMMON_BLOCKS = YES;
				GCC_WARN_64_TO_32_BIT_CONVERSION = YES;
				GCC_WARN_ABOUT_RETURN_TYPE = YES_ERROR;
				GCC_WARN_UNDECLARED_SELECTOR = YES;
				GCC_WARN_UNINITIALIZED_AUTOS = YES_AGGRESSIVE;
				GCC_WARN_UNUSED_FUNCTION = YES;
				GCC_WARN_UNUSED_VARIABLE = YES;
				IPHONEOS_DEPLOYMENT_TARGET = 11.0;
				MTL_ENABLE_DEBUG_INFO = NO;
				SDKROOT = iphoneos;
				SWIFT_OPTIMIZATION_LEVEL = "-Owholemodule";
				VALIDATE_PRODUCT = YES;
			};
			name = Release;
		};
		9B800D5C1F1476A90002E65E /* Debug */ = {
			isa = XCBuildConfiguration;
			buildSettings = {
				ASSETCATALOG_COMPILER_APPICON_NAME = AppIcon;
				DEVELOPMENT_TEAM = TH87KKESHH;
				INFOPLIST_FILE = Stickies/Info.plist;
				LD_RUNPATH_SEARCH_PATHS = "$(inherited) @executable_path/Frameworks";
				PRODUCT_BUNDLE_IDENTIFIER = com.naxite.Stickies;
				PRODUCT_NAME = "$(TARGET_NAME)";
				SWIFT_VERSION = 4.0;
				TARGETED_DEVICE_FAMILY = "1,2";
			};
			name = Debug;
		};
		9B800D5D1F1476A90002E65E /* Release */ = {
			isa = XCBuildConfiguration;
			buildSettings = {
				ASSETCATALOG_COMPILER_APPICON_NAME = AppIcon;
				DEVELOPMENT_TEAM = TH87KKESHH;
				INFOPLIST_FILE = Stickies/Info.plist;
				LD_RUNPATH_SEARCH_PATHS = "$(inherited) @executable_path/Frameworks";
				PRODUCT_BUNDLE_IDENTIFIER = com.naxite.Stickies;
				PRODUCT_NAME = "$(TARGET_NAME)";
				SWIFT_VERSION = 4.0;
				TARGETED_DEVICE_FAMILY = "1,2";
			};
			name = Release;
		};
/* End XCBuildConfiguration section */

/* Begin XCConfigurationList section */
		9B800D411F1476A90002E65E /* Build configuration list for PBXProject "Stickies" */ = {
			isa = XCConfigurationList;
			buildConfigurations = (
				9B800D591F1476A90002E65E /* Debug */,
				9B800D5A1F1476A90002E65E /* Release */,
			);
			defaultConfigurationIsVisible = 0;
			defaultConfigurationName = Release;
		};
		9B800D5B1F1476A90002E65E /* Build configuration list for PBXNativeTarget "Stickies" */ = {
			isa = XCConfigurationList;
			buildConfigurations = (
				9B800D5C1F1476A90002E65E /* Debug */,
				9B800D5D1F1476A90002E65E /* Release */,
			);
			defaultConfigurationIsVisible = 0;
			defaultConfigurationName = Release;
		};
/* End XCConfigurationList section */

/* Begin XCVersionGroup section */
		9B800D501F1476A90002E65E /* Stickies.xcdatamodeld */ = {
			isa = XCVersionGroup;
			children = (
				9B800D511F1476A90002E65E /* Stickies.xcdatamodel */,
			);
			currentVersion = 9B800D511F1476A90002E65E /* Stickies.xcdatamodel */;
			path = Stickies.xcdatamodeld;
			sourceTree = "<group>";
			versionGroupType = wrapper.xcdatamodel;
		};
/* End XCVersionGroup section */
	};
	rootObject = 9B800D3E1F1476A90002E65E /* Project object */;
}
